
Microsoft Visual Studio Solution File, Format Version 12.00
# Visual Studio Version 16
VisualStudioVersion = 16.0.29728.190
MinimumVisualStudioVersion = 10.0.40219.1
Project("{FAE04EC0-301F-11D3-BF4B-00C04F79EFBC}") = "OnlineShop.RestApi", "OnlineShop.RestApi\OnlineShop.RestApi.csproj", "{C7ECA68B-9BB6-419C-80D1-A060E4ABF6C2}"
EndProject
Project("{FAE04EC0-301F-11D3-BF4B-00C04F79EFBC}") = "OnlineShop.Entities", "OnlineShop.Entities\OnlineShop.Entities.csproj", "{CB677733-FDC1-4089-821C-E4F41AF41CAC}"
EndProject
Project("{FAE04EC0-301F-11D3-BF4B-00C04F79EFBC}") = "OnlineShop.Infrastructure", "OnlineShop.Infrastructure\OnlineShop.Infrastructure.csproj", "{54149F06-F2DD-4A43-A9D0-C1197167E46F}"
EndProject
Project("{FAE04EC0-301F-11D3-BF4B-00C04F79EFBC}") = "OnlineShop.Migrations", "OnlineShop.Migrations\OnlineShop.Migrations.csproj", "{B7D0EE40-6419-4C9B-A5A6-EB5BE1BF680C}"
EndProject
Project("{FAE04EC0-301F-11D3-BF4B-00C04F79EFBC}") = "OnlineShop.Persistence.EF", "OnlineShop.Persistence.EF\OnlineShop.Persistence.EF.csproj", "{D019697C-660C-4A6A-98BF-7E5CF3CF5A4E}"
EndProject
Project("{FAE04EC0-301F-11D3-BF4B-00C04F79EFBC}") = "OnlineShop.Services", "OnlineShop.Services\OnlineShop.Services.csproj", "{9306C18F-066F-4050-A16D-C59FB2455122}"
EndProject
Global
	GlobalSection(SolutionConfigurationPlatforms) = preSolution
		Debug|Any CPU = Debug|Any CPU
		Release|Any CPU = Release|Any CPU
	EndGlobalSection
	GlobalSection(ProjectConfigurationPlatforms) = postSolution
		{C7ECA68B-9BB6-419C-80D1-A060E4ABF6C2}.Debug|Any CPU.ActiveCfg = Debug|Any CPU
		{C7ECA68B-9BB6-419C-80D1-A060E4ABF6C2}.Debug|Any CPU.Build.0 = Debug|Any CPU
		{C7ECA68B-9BB6-419C-80D1-A060E4ABF6C2}.Release|Any CPU.ActiveCfg = Release|Any CPU
		{C7ECA68B-9BB6-419C-80D1-A060E4ABF6C2}.Release|Any CPU.Build.0 = Release|Any CPU
		{CB677733-FDC1-4089-821C-E4F41AF41CAC}.Debug|Any CPU.ActiveCfg = Debug|Any CPU
		{CB677733-FDC1-4089-821C-E4F41AF41CAC}.Debug|Any CPU.Build.0 = Debug|Any CPU
		{CB677733-FDC1-4089-821C-E4F41AF41CAC}.Release|Any CPU.ActiveCfg = Release|Any CPU
		{CB677733-FDC1-4089-821C-E4F41AF41CAC}.Release|Any CPU.Build.0 = Release|Any CPU
		{54149F06-F2DD-4A43-A9D0-C1197167E46F}.Debug|Any CPU.ActiveCfg = Debug|Any CPU
		{54149F06-F2DD-4A43-A9D0-C1197167E46F}.Debug|Any CPU.Build.0 = Debug|Any CPU
		{54149F06-F2DD-4A43-A9D0-C1197167E46F}.Release|Any CPU.ActiveCfg = Release|Any CPU
		{54149F06-F2DD-4A43-A9D0-C1197167E46F}.Release|Any CPU.Build.0 = Release|Any CPU
		{B7D0EE40-6419-4C9B-A5A6-EB5BE1BF680C}.Debug|Any CPU.ActiveCfg = Debug|Any CPU
		{B7D0EE40-6419-4C9B-A5A6-EB5BE1BF680C}.Debug|Any CPU.Build.0 = Debug|Any CPU
		{B7D0EE40-6419-4C9B-A5A6-EB5BE1BF680C}.Release|Any CPU.ActiveCfg = Release|Any CPU
		{B7D0EE40-6419-4C9B-A5A6-EB5BE1BF680C}.Release|Any CPU.Build.0 = Release|Any CPU
		{D019697C-660C-4A6A-98BF-7E5CF3CF5A4E}.Debug|Any CPU.ActiveCfg = Debug|Any CPU
		{D019697C-660C-4A6A-98BF-7E5CF3CF5A4E}.Debug|Any CPU.Build.0 = Debug|Any CPU
		{D019697C-660C-4A6A-98BF-7E5CF3CF5A4E}.Release|Any CPU.ActiveCfg = Release|Any CPU
		{D019697C-660C-4A6A-98BF-7E5CF3CF5A4E}.Release|Any CPU.Build.0 = Release|Any CPU
		{9306C18F-066F-4050-A16D-C59FB2455122}.Debug|Any CPU.ActiveCfg = Debug|Any CPU
		{9306C18F-066F-4050-A16D-C59FB2455122}.Debug|Any CPU.Build.0 = Debug|Any CPU
		{9306C18F-066F-4050-A16D-C59FB2455122}.Release|Any CPU.ActiveCfg = Release|Any CPU
		{9306C18F-066F-4050-A16D-C59FB2455122}.Release|Any CPU.Build.0 = Release|Any CPU
	EndGlobalSection
	GlobalSection(SolutionProperties) = preSolution
		HideSolutionNode = FALSE
	EndGlobalSection
	GlobalSection(ExtensibilityGlobals) = postSolution
		SolutionGuid = {E1B60E30-1DC3-4EE0-866B-21B712AA30BB}
	EndGlobalSection
EndGlobal
